// !$*UTF8*$!
{
	archiveVersion = 1;
	classes = {
	};
	objectVersion = 56;
	objects = {

/* Begin PBXBuildFile section */
		565C972B2D325DBF00760081 /* AppDelegate.swift in Sources */ = {isa = PBXBuildFile; fileRef = 565C972A2D325DBF00760081 /* AppDelegate.swift */; };
		565C972D2D325DBF00760081 /* SceneDelegate.swift in Sources */ = {isa = PBXBuildFile; fileRef = 565C972C2D325DBF00760081 /* SceneDelegate.swift */; };
		565C97342D325DC000760081 /* Assets.xcassets in Resources */ = {isa = PBXBuildFile; fileRef = 565C97332D325DC000760081 /* Assets.xcassets */; };
		565C97372D325DC000760081 /* LaunchScreen.storyboard in Resources */ = {isa = PBXBuildFile; fileRef = 565C97352D325DC000760081 /* LaunchScreen.storyboard */; };
		565C97422D325EF700760081 /* SnapKit in Frameworks */ = {isa = PBXBuildFile; productRef = 565C97412D325EF700760081 /* SnapKit */; };
		565C97452D325F2500760081 /* RxBlocking in Frameworks */ = {isa = PBXBuildFile; productRef = 565C97442D325F2500760081 /* RxBlocking */; };
		565C97472D325F2500760081 /* RxCocoa in Frameworks */ = {isa = PBXBuildFile; productRef = 565C97462D325F2500760081 /* RxCocoa */; };
		565C97492D325F2500760081 /* RxRelay in Frameworks */ = {isa = PBXBuildFile; productRef = 565C97482D325F2500760081 /* RxRelay */; };
		565C974B2D325F2500760081 /* RxSwift in Frameworks */ = {isa = PBXBuildFile; productRef = 565C974A2D325F2500760081 /* RxSwift */; };
		565C974E2D3264D500760081 /* NetworkService.swift in Sources */ = {isa = PBXBuildFile; fileRef = 565C974D2D3264D500760081 /* NetworkService.swift */; };
		565C97522D3265CA00760081 /* CategoriesVC.swift in Sources */ = {isa = PBXBuildFile; fileRef = 565C97512D3265CA00760081 /* CategoriesVC.swift */; };
		5687BB432D32B19400301FAD /* CategoryCell.swift in Sources */ = {isa = PBXBuildFile; fileRef = 5687BB422D32B19400301FAD /* CategoryCell.swift */; };
		5687BB452D32B94300301FAD /* CategoriesVM.swift in Sources */ = {isa = PBXBuildFile; fileRef = 5687BB442D32B94300301FAD /* CategoriesVM.swift */; };
		568E5DCD2D341DAA0069714B /* OutputProperty.swift in Sources */ = {isa = PBXBuildFile; fileRef = 568E5DCC2D341DAA0069714B /* OutputProperty.swift */; };
		568E5DCF2D35622A0069714B /* Subject.swift in Sources */ = {isa = PBXBuildFile; fileRef = 568E5DCE2D35622A0069714B /* Subject.swift */; };
		568E5DD32D3569E30069714B /* Rx+PropertyWrapper.swift in Sources */ = {isa = PBXBuildFile; fileRef = 568E5DD22D3569E30069714B /* Rx+PropertyWrapper.swift */; };
		568E5DD52D356A9C0069714B /* Relay.swift in Sources */ = {isa = PBXBuildFile; fileRef = 568E5DD42D356A9C0069714B /* Relay.swift */; };
		568E5DDD2D356DAA0069714B /* CategoriesAssembler.swift in Sources */ = {isa = PBXBuildFile; fileRef = 568E5DDC2D356DAA0069714B /* CategoriesAssembler.swift */; };
		568E5DDF2D3572890069714B /* CategoriesRouter.swift in Sources */ = {isa = PBXBuildFile; fileRef = 568E5DDE2D3572890069714B /* CategoriesRouter.swift */; };
/* End PBXBuildFile section */

/* Begin PBXFileReference section */
		565C97272D325DBF00760081 /* FakeStore.app */ = {isa = PBXFileReference; explicitFileType = wrapper.application; includeInIndex = 0; path = FakeStore.app; sourceTree = BUILT_PRODUCTS_DIR; };
		565C972A2D325DBF00760081 /* AppDelegate.swift */ = {isa = PBXFileReference; lastKnownFileType = sourcecode.swift; path = AppDelegate.swift; sourceTree = "<group>"; };
		565C972C2D325DBF00760081 /* SceneDelegate.swift */ = {isa = PBXFileReference; lastKnownFileType = sourcecode.swift; path = SceneDelegate.swift; sourceTree = "<group>"; };
		565C97332D325DC000760081 /* Assets.xcassets */ = {isa = PBXFileReference; lastKnownFileType = folder.assetcatalog; path = Assets.xcassets; sourceTree = "<group>"; };
		565C97362D325DC000760081 /* Base */ = {isa = PBXFileReference; lastKnownFileType = file.storyboard; name = Base; path = Base.lproj/LaunchScreen.storyboard; sourceTree = "<group>"; };
		565C97382D325DC000760081 /* Info.plist */ = {isa = PBXFileReference; lastKnownFileType = text.plist.xml; path = Info.plist; sourceTree = "<group>"; };
		565C974D2D3264D500760081 /* NetworkService.swift */ = {isa = PBXFileReference; lastKnownFileType = sourcecode.swift; path = NetworkService.swift; sourceTree = "<group>"; };
		565C97512D3265CA00760081 /* CategoriesVC.swift */ = {isa = PBXFileReference; lastKnownFileType = sourcecode.swift; path = CategoriesVC.swift; sourceTree = "<group>"; };
		5687BB422D32B19400301FAD /* CategoryCell.swift */ = {isa = PBXFileReference; lastKnownFileType = sourcecode.swift; path = CategoryCell.swift; sourceTree = "<group>"; };
		5687BB442D32B94300301FAD /* CategoriesVM.swift */ = {isa = PBXFileReference; lastKnownFileType = sourcecode.swift; path = CategoriesVM.swift; sourceTree = "<group>"; };
		568E5DCC2D341DAA0069714B /* OutputProperty.swift */ = {isa = PBXFileReference; lastKnownFileType = sourcecode.swift; path = OutputProperty.swift; sourceTree = "<group>"; };
		568E5DCE2D35622A0069714B /* Subject.swift */ = {isa = PBXFileReference; lastKnownFileType = sourcecode.swift; path = Subject.swift; sourceTree = "<group>"; };
		568E5DD22D3569E30069714B /* Rx+PropertyWrapper.swift */ = {isa = PBXFileReference; lastKnownFileType = sourcecode.swift; path = "Rx+PropertyWrapper.swift"; sourceTree = "<group>"; };
		568E5DD42D356A9C0069714B /* Relay.swift */ = {isa = PBXFileReference; lastKnownFileType = sourcecode.swift; path = Relay.swift; sourceTree = "<group>"; };
		568E5DDC2D356DAA0069714B /* CategoriesAssembler.swift */ = {isa = PBXFileReference; lastKnownFileType = sourcecode.swift; path = CategoriesAssembler.swift; sourceTree = "<group>"; };
		568E5DDE2D3572890069714B /* CategoriesRouter.swift */ = {isa = PBXFileReference; lastKnownFileType = sourcecode.swift; path = CategoriesRouter.swift; sourceTree = "<group>"; };
/* End PBXFileReference section */

/* Begin PBXFrameworksBuildPhase section */
		565C97242D325DBF00760081 /* Frameworks */ = {
			isa = PBXFrameworksBuildPhase;
			buildActionMask = 2147483647;
			files = (
				565C97472D325F2500760081 /* RxCocoa in Frameworks */,
				565C97422D325EF700760081 /* SnapKit in Frameworks */,
				565C974B2D325F2500760081 /* RxSwift in Frameworks */,
				565C97492D325F2500760081 /* RxRelay in Frameworks */,
				565C97452D325F2500760081 /* RxBlocking in Frameworks */,
			);
			runOnlyForDeploymentPostprocessing = 0;
		};
/* End PBXFrameworksBuildPhase section */

/* Begin PBXGroup section */
		565C971E2D325DBF00760081 = {
			isa = PBXGroup;
			children = (
				565C97292D325DBF00760081 /* FakeStore */,
				565C97282D325DBF00760081 /* Products */,
			);
			sourceTree = "<group>";
		};
		565C97282D325DBF00760081 /* Products */ = {
			isa = PBXGroup;
			children = (
				565C97272D325DBF00760081 /* FakeStore.app */,
			);
			name = Products;
			sourceTree = "<group>";
		};
		565C97292D325DBF00760081 /* FakeStore */ = {
			isa = PBXGroup;
			children = (
				565C973E2D325DDA00760081 /* App */,
				565C974F2D3265AA00760081 /* Modules */,
				565C974C2D3264C800760081 /* Services */,
				565C973F2D325E2100760081 /* Resources */,
				568E5DD02D35635F0069714B /* RxUtils */,
			);
			path = FakeStore;
			sourceTree = "<group>";
		};
		565C973E2D325DDA00760081 /* App */ = {
			isa = PBXGroup;
			children = (
				565C972A2D325DBF00760081 /* AppDelegate.swift */,
				565C972C2D325DBF00760081 /* SceneDelegate.swift */,
				565C97382D325DC000760081 /* Info.plist */,
			);
			path = App;
			sourceTree = "<group>";
		};
		565C973F2D325E2100760081 /* Resources */ = {
			isa = PBXGroup;
			children = (
				565C97332D325DC000760081 /* Assets.xcassets */,
				565C97352D325DC000760081 /* LaunchScreen.storyboard */,
			);
			path = Resources;
			sourceTree = "<group>";
		};
		565C974C2D3264C800760081 /* Services */ = {
			isa = PBXGroup;
			children = (
				565C974D2D3264D500760081 /* NetworkService.swift */,
			);
			path = Services;
			sourceTree = "<group>";
		};
		565C974F2D3265AA00760081 /* Modules */ = {
			isa = PBXGroup;
			children = (
				565C97502D3265B600760081 /* Categories */,
			);
			path = Modules;
			sourceTree = "<group>";
		};
		565C97502D3265B600760081 /* Categories */ = {
			isa = PBXGroup;
			children = (
				568E5DDC2D356DAA0069714B /* CategoriesAssembler.swift */,
				565C97512D3265CA00760081 /* CategoriesVC.swift */,
				5687BB442D32B94300301FAD /* CategoriesVM.swift */,
				568E5DDE2D3572890069714B /* CategoriesRouter.swift */,
				5687BB422D32B19400301FAD /* CategoryCell.swift */,
			);
			path = Categories;
			sourceTree = "<group>";
		};
		568E5DD02D35635F0069714B /* RxUtils */ = {
			isa = PBXGroup;
			children = (
				568E5DD12D3569510069714B /* PropertyWrapers */,
			);
			path = RxUtils;
			sourceTree = "<group>";
		};
		568E5DD12D3569510069714B /* PropertyWrapers */ = {
			isa = PBXGroup;
			children = (
				568E5DCC2D341DAA0069714B /* OutputProperty.swift */,
				568E5DCE2D35622A0069714B /* Subject.swift */,
				568E5DD42D356A9C0069714B /* Relay.swift */,
				568E5DD22D3569E30069714B /* Rx+PropertyWrapper.swift */,
			);
			path = PropertyWrapers;
			sourceTree = "<group>";
		};
/* End PBXGroup section */

/* Begin PBXNativeTarget section */
		565C97262D325DBF00760081 /* FakeStore */ = {
			isa = PBXNativeTarget;
			buildConfigurationList = 565C973B2D325DC000760081 /* Build configuration list for PBXNativeTarget "FakeStore" */;
			buildPhases = (
				565C97232D325DBF00760081 /* Sources */,
				565C97242D325DBF00760081 /* Frameworks */,
				565C97252D325DBF00760081 /* Resources */,
			);
			buildRules = (
			);
			dependencies = (
			);
			name = FakeStore;
			packageProductDependencies = (
				565C97412D325EF700760081 /* SnapKit */,
				565C97442D325F2500760081 /* RxBlocking */,
				565C97462D325F2500760081 /* RxCocoa */,
				565C97482D325F2500760081 /* RxRelay */,
				565C974A2D325F2500760081 /* RxSwift */,
			);
			productName = FakeStore;
			productReference = 565C97272D325DBF00760081 /* FakeStore.app */;
			productType = "com.apple.product-type.application";
		};
/* End PBXNativeTarget section */

/* Begin PBXProject section */
		565C971F2D325DBF00760081 /* Project object */ = {
			isa = PBXProject;
			attributes = {
				BuildIndependentTargetsInParallel = 1;
				LastSwiftUpdateCheck = 1520;
				LastUpgradeCheck = 1520;
				TargetAttributes = {
					565C97262D325DBF00760081 = {
						CreatedOnToolsVersion = 15.2;
					};
				};
			};
			buildConfigurationList = 565C97222D325DBF00760081 /* Build configuration list for PBXProject "FakeStore" */;
			compatibilityVersion = "Xcode 14.0";
			developmentRegion = en;
			hasScannedForEncodings = 0;
			knownRegions = (
				en,
				Base,
			);
			mainGroup = 565C971E2D325DBF00760081;
			packageReferences = (
				565C97402D325EF600760081 /* XCRemoteSwiftPackageReference "SnapKit" */,
				565C97432D325F2500760081 /* XCRemoteSwiftPackageReference "RxSwift" */,
			);
			productRefGroup = 565C97282D325DBF00760081 /* Products */;
			projectDirPath = "";
			projectRoot = "";
			targets = (
				565C97262D325DBF00760081 /* FakeStore */,
			);
		};
/* End PBXProject section */

/* Begin PBXResourcesBuildPhase section */
		565C97252D325DBF00760081 /* Resources */ = {
			isa = PBXResourcesBuildPhase;
			buildActionMask = 2147483647;
			files = (
				565C97372D325DC000760081 /* LaunchScreen.storyboard in Resources */,
				565C97342D325DC000760081 /* Assets.xcassets in Resources */,
			);
			runOnlyForDeploymentPostprocessing = 0;
		};
/* End PBXResourcesBuildPhase section */

/* Begin PBXSourcesBuildPhase section */
		565C97232D325DBF00760081 /* Sources */ = {
			isa = PBXSourcesBuildPhase;
			buildActionMask = 2147483647;
			files = (
				568E5DCF2D35622A0069714B /* Subject.swift in Sources */,
				568E5DCD2D341DAA0069714B /* OutputProperty.swift in Sources */,
				565C972B2D325DBF00760081 /* AppDelegate.swift in Sources */,
				565C974E2D3264D500760081 /* NetworkService.swift in Sources */,
				5687BB452D32B94300301FAD /* CategoriesVM.swift in Sources */,
				565C972D2D325DBF00760081 /* SceneDelegate.swift in Sources */,
				565C97522D3265CA00760081 /* CategoriesVC.swift in Sources */,
				5687BB432D32B19400301FAD /* CategoryCell.swift in Sources */,
				568E5DDF2D3572890069714B /* CategoriesRouter.swift in Sources */,
				568E5DD32D3569E30069714B /* Rx+PropertyWrapper.swift in Sources */,
				568E5DDD2D356DAA0069714B /* CategoriesAssembler.swift in Sources */,
				568E5DD52D356A9C0069714B /* Relay.swift in Sources */,
			);
			runOnlyForDeploymentPostprocessing = 0;
		};
/* End PBXSourcesBuildPhase section */

/* Begin PBXVariantGroup section */
		565C97352D325DC000760081 /* LaunchScreen.storyboard */ = {
			isa = PBXVariantGroup;
			children = (
				565C97362D325DC000760081 /* Base */,
			);
			name = LaunchScreen.storyboard;
			sourceTree = "<group>";
		};
/* End PBXVariantGroup section */

/* Begin XCBuildConfiguration section */
		565C97392D325DC000760081 /* Debug */ = {
			isa = XCBuildConfiguration;
			buildSettings = {
				ALWAYS_SEARCH_USER_PATHS = NO;
				ASSETCATALOG_COMPILER_GENERATE_SWIFT_ASSET_SYMBOL_EXTENSIONS = YES;
				CLANG_ANALYZER_NONNULL = YES;
				CLANG_ANALYZER_NUMBER_OBJECT_CONVERSION = YES_AGGRESSIVE;
				CLANG_CXX_LANGUAGE_STANDARD = "gnu++20";
				CLANG_ENABLE_MODULES = YES;
				CLANG_ENABLE_OBJC_ARC = YES;
				CLANG_ENABLE_OBJC_WEAK = YES;
				CLANG_WARN_BLOCK_CAPTURE_AUTORELEASING = YES;
				CLANG_WARN_BOOL_CONVERSION = YES;
				CLANG_WARN_COMMA = YES;
				CLANG_WARN_CONSTANT_CONVERSION = YES;
				CLANG_WARN_DEPRECATED_OBJC_IMPLEMENTATIONS = YES;
				CLANG_WARN_DIRECT_OBJC_ISA_USAGE = YES_ERROR;
				CLANG_WARN_DOCUMENTATION_COMMENTS = YES;
				CLANG_WARN_EMPTY_BODY = YES;
				CLANG_WARN_ENUM_CONVERSION = YES;
				CLANG_WARN_INFINITE_RECURSION = YES;
				CLANG_WARN_INT_CONVERSION = YES;
				CLANG_WARN_NON_LITERAL_NULL_CONVERSION = YES;
				CLANG_WARN_OBJC_IMPLICIT_RETAIN_SELF = YES;
				CLANG_WARN_OBJC_LITERAL_CONVERSION = YES;
				CLANG_WARN_OBJC_ROOT_CLASS = YES_ERROR;
				CLANG_WARN_QUOTED_INCLUDE_IN_FRAMEWORK_HEADER = YES;
				CLANG_WARN_RANGE_LOOP_ANALYSIS = YES;
				CLANG_WARN_STRICT_PROTOTYPES = YES;
				CLANG_WARN_SUSPICIOUS_MOVE = YES;
				CLANG_WARN_UNGUARDED_AVAILABILITY = YES_AGGRESSIVE;
				CLANG_WARN_UNREACHABLE_CODE = YES;
				CLANG_WARN__DUPLICATE_METHOD_MATCH = YES;
				COPY_PHASE_STRIP = NO;
				DEBUG_INFORMATION_FORMAT = dwarf;
				ENABLE_STRICT_OBJC_MSGSEND = YES;
				ENABLE_TESTABILITY = YES;
				ENABLE_USER_SCRIPT_SANDBOXING = YES;
				GCC_C_LANGUAGE_STANDARD = gnu17;
				GCC_DYNAMIC_NO_PIC = NO;
				GCC_NO_COMMON_BLOCKS = YES;
				GCC_OPTIMIZATION_LEVEL = 0;
				GCC_PREPROCESSOR_DEFINITIONS = (
					"DEBUG=1",
					"$(inherited)",
				);
				GCC_WARN_64_TO_32_BIT_CONVERSION = YES;
				GCC_WARN_ABOUT_RETURN_TYPE = YES_ERROR;
				GCC_WARN_UNDECLARED_SELECTOR = YES;
				GCC_WARN_UNINITIALIZED_AUTOS = YES_AGGRESSIVE;
				GCC_WARN_UNUSED_FUNCTION = YES;
				GCC_WARN_UNUSED_VARIABLE = YES;
				IPHONEOS_DEPLOYMENT_TARGET = 17.2;
				LOCALIZATION_PREFERS_STRING_CATALOGS = YES;
				MTL_ENABLE_DEBUG_INFO = INCLUDE_SOURCE;
				MTL_FAST_MATH = YES;
				ONLY_ACTIVE_ARCH = YES;
				SDKROOT = iphoneos;
				SWIFT_ACTIVE_COMPILATION_CONDITIONS = "DEBUG $(inherited)";
				SWIFT_OPTIMIZATION_LEVEL = "-Onone";
			};
			name = Debug;
		};
		565C973A2D325DC000760081 /* Release */ = {
			isa = XCBuildConfiguration;
			buildSettings = {
				ALWAYS_SEARCH_USER_PATHS = NO;
				ASSETCATALOG_COMPILER_GENERATE_SWIFT_ASSET_SYMBOL_EXTENSIONS = YES;
				CLANG_ANALYZER_NONNULL = YES;
				CLANG_ANALYZER_NUMBER_OBJECT_CONVERSION = YES_AGGRESSIVE;
				CLANG_CXX_LANGUAGE_STANDARD = "gnu++20";
				CLANG_ENABLE_MODULES = YES;
				CLANG_ENABLE_OBJC_ARC = YES;
				CLANG_ENABLE_OBJC_WEAK = YES;
				CLANG_WARN_BLOCK_CAPTURE_AUTORELEASING = YES;
				CLANG_WARN_BOOL_CONVERSION = YES;
				CLANG_WARN_COMMA = YES;
				CLANG_WARN_CONSTANT_CONVERSION = YES;
				CLANG_WARN_DEPRECATED_OBJC_IMPLEMENTATIONS = YES;
				CLANG_WARN_DIRECT_OBJC_ISA_USAGE = YES_ERROR;
				CLANG_WARN_DOCUMENTATION_COMMENTS = YES;
				CLANG_WARN_EMPTY_BODY = YES;
				CLANG_WARN_ENUM_CONVERSION = YES;
				CLANG_WARN_INFINITE_RECURSION = YES;
				CLANG_WARN_INT_CONVERSION = YES;
				CLANG_WARN_NON_LITERAL_NULL_CONVERSION = YES;
				CLANG_WARN_OBJC_IMPLICIT_RETAIN_SELF = YES;
				CLANG_WARN_OBJC_LITERAL_CONVERSION = YES;
				CLANG_WARN_OBJC_ROOT_CLASS = YES_ERROR;
				CLANG_WARN_QUOTED_INCLUDE_IN_FRAMEWORK_HEADER = YES;
				CLANG_WARN_RANGE_LOOP_ANALYSIS = YES;
				CLANG_WARN_STRICT_PROTOTYPES = YES;
				CLANG_WARN_SUSPICIOUS_MOVE = YES;
				CLANG_WARN_UNGUARDED_AVAILABILITY = YES_AGGRESSIVE;
				CLANG_WARN_UNREACHABLE_CODE = YES;
				CLANG_WARN__DUPLICATE_METHOD_MATCH = YES;
				COPY_PHASE_STRIP = NO;
				DEBUG_INFORMATION_FORMAT = "dwarf-with-dsym";
				ENABLE_NS_ASSERTIONS = NO;
				ENABLE_STRICT_OBJC_MSGSEND = YES;
				ENABLE_USER_SCRIPT_SANDBOXING = YES;
				GCC_C_LANGUAGE_STANDARD = gnu17;
				GCC_NO_COMMON_BLOCKS = YES;
				GCC_WARN_64_TO_32_BIT_CONVERSION = YES;
				GCC_WARN_ABOUT_RETURN_TYPE = YES_ERROR;
				GCC_WARN_UNDECLARED_SELECTOR = YES;
				GCC_WARN_UNINITIALIZED_AUTOS = YES_AGGRESSIVE;
				GCC_WARN_UNUSED_FUNCTION = YES;
				GCC_WARN_UNUSED_VARIABLE = YES;
				IPHONEOS_DEPLOYMENT_TARGET = 17.2;
				LOCALIZATION_PREFERS_STRING_CATALOGS = YES;
				MTL_ENABLE_DEBUG_INFO = NO;
				MTL_FAST_MATH = YES;
				SDKROOT = iphoneos;
				SWIFT_COMPILATION_MODE = wholemodule;
				VALIDATE_PRODUCT = YES;
			};
			name = Release;
		};
		565C973C2D325DC000760081 /* Debug */ = {
			isa = XCBuildConfiguration;
			buildSettings = {
				ASSETCATALOG_COMPILER_APPICON_NAME = AppIcon;
				ASSETCATALOG_COMPILER_GLOBAL_ACCENT_COLOR_NAME = AccentColor;
				CODE_SIGN_STYLE = Automatic;
				CURRENT_PROJECT_VERSION = 1;
				DEVELOPMENT_TEAM = CK7G8B5AC6;
				GENERATE_INFOPLIST_FILE = YES;
				INFOPLIST_FILE = FakeStore/App/Info.plist;
				INFOPLIST_KEY_UIApplicationSupportsIndirectInputEvents = YES;
				INFOPLIST_KEY_UILaunchStoryboardName = LaunchScreen;
				INFOPLIST_KEY_UISupportedInterfaceOrientations = UIInterfaceOrientationPortrait;
				INFOPLIST_KEY_UISupportedInterfaceOrientations_iPad = UIInterfaceOrientationLandscapeRight;
				IPHONEOS_DEPLOYMENT_TARGET = 17.0;
				LD_RUNPATH_SEARCH_PATHS = (
					"$(inherited)",
					"@executable_path/Frameworks",
				);
				MARKETING_VERSION = 1.0;
				PRODUCT_BUNDLE_IDENTIFIER = d.o.kononov.FakeStore;
				PRODUCT_NAME = "$(TARGET_NAME)";
				SWIFT_EMIT_LOC_STRINGS = YES;
				SWIFT_VERSION = 5.0;
				TARGETED_DEVICE_FAMILY = 1;
			};
			name = Debug;
		};
		565C973D2D325DC000760081 /* Release */ = {
			isa = XCBuildConfiguration;
			buildSettings = {
				ASSETCATALOG_COMPILER_APPICON_NAME = AppIcon;
				ASSETCATALOG_COMPILER_GLOBAL_ACCENT_COLOR_NAME = AccentColor;
				CODE_SIGN_STYLE = Automatic;
				CURRENT_PROJECT_VERSION = 1;
				DEVELOPMENT_TEAM = CK7G8B5AC6;
				GENERATE_INFOPLIST_FILE = YES;
				INFOPLIST_FILE = FakeStore/App/Info.plist;
				INFOPLIST_KEY_UIApplicationSupportsIndirectInputEvents = YES;
				INFOPLIST_KEY_UILaunchStoryboardName = LaunchScreen;
				INFOPLIST_KEY_UISupportedInterfaceOrientations = UIInterfaceOrientationPortrait;
				INFOPLIST_KEY_UISupportedInterfaceOrientations_iPad = UIInterfaceOrientationLandscapeRight;
				IPHONEOS_DEPLOYMENT_TARGET = 17.0;
				LD_RUNPATH_SEARCH_PATHS = (
					"$(inherited)",
					"@executable_path/Frameworks",
				);
				MARKETING_VERSION = 1.0;
				PRODUCT_BUNDLE_IDENTIFIER = d.o.kononov.FakeStore;
				PRODUCT_NAME = "$(TARGET_NAME)";
				SWIFT_EMIT_LOC_STRINGS = YES;
				SWIFT_VERSION = 5.0;
				TARGETED_DEVICE_FAMILY = 1;
			};
			name = Release;
		};
/* End XCBuildConfiguration section */

/* Begin XCConfigurationList section */
		565C97222D325DBF00760081 /* Build configuration list for PBXProject "FakeStore" */ = {
			isa = XCConfigurationList;
			buildConfigurations = (
				565C97392D325DC000760081 /* Debug */,
				565C973A2D325DC000760081 /* Release */,
			);
			defaultConfigurationIsVisible = 0;
			defaultConfigurationName = Release;
		};
		565C973B2D325DC000760081 /* Build configuration list for PBXNativeTarget "FakeStore" */ = {
			isa = XCConfigurationList;
			buildConfigurations = (
				565C973C2D325DC000760081 /* Debug */,
				565C973D2D325DC000760081 /* Release */,
			);
			defaultConfigurationIsVisible = 0;
			defaultConfigurationName = Release;
		};
/* End XCConfigurationList section */

/* Begin XCRemoteSwiftPackageReference section */
		565C97402D325EF600760081 /* XCRemoteSwiftPackageReference "SnapKit" */ = {
			isa = XCRemoteSwiftPackageReference;
			repositoryURL = "https://github.com/SnapKit/SnapKit.git";
			requirement = {
				kind = upToNextMajorVersion;
				minimumVersion = 5.7.1;
			};
		};
		565C97432D325F2500760081 /* XCRemoteSwiftPackageReference "RxSwift" */ = {
			isa = XCRemoteSwiftPackageReference;
			repositoryURL = "https://github.com/ReactiveX/RxSwift";
			requirement = {
				kind = upToNextMajorVersion;
				minimumVersion = 6.8.0;
			};
		};
/* End XCRemoteSwiftPackageReference section */

/* Begin XCSwiftPackageProductDependency section */
		565C97412D325EF700760081 /* SnapKit */ = {
			isa = XCSwiftPackageProductDependency;
			package = 565C97402D325EF600760081 /* XCRemoteSwiftPackageReference "SnapKit" */;
			productName = SnapKit;
		};
		565C97442D325F2500760081 /* RxBlocking */ = {
			isa = XCSwiftPackageProductDependency;
			package = 565C97432D325F2500760081 /* XCRemoteSwiftPackageReference "RxSwift" */;
			productName = RxBlocking;
		};
		565C97462D325F2500760081 /* RxCocoa */ = {
			isa = XCSwiftPackageProductDependency;
			package = 565C97432D325F2500760081 /* XCRemoteSwiftPackageReference "RxSwift" */;
			productName = RxCocoa;
		};
		565C97482D325F2500760081 /* RxRelay */ = {
			isa = XCSwiftPackageProductDependency;
			package = 565C97432D325F2500760081 /* XCRemoteSwiftPackageReference "RxSwift" */;
			productName = RxRelay;
		};
		565C974A2D325F2500760081 /* RxSwift */ = {
			isa = XCSwiftPackageProductDependency;
			package = 565C97432D325F2500760081 /* XCRemoteSwiftPackageReference "RxSwift" */;
			productName = RxSwift;
		};
/* End XCSwiftPackageProductDependency section */
	};
	rootObject = 565C971F2D325DBF00760081 /* Project object */;
}
